
Microsoft Visual Studio Solution File, Format Version 12.00
# Visual Studio Version 17
VisualStudioVersion = 17.3.32901.215
MinimumVisualStudioVersion = 10.0.40219.1
Project("{FAE04EC0-301F-11D3-BF4B-00C04F79EFBC}") = "back", "back.csproj", "{267A5D05-189B-453B-9D39-8E98C5CA77E8}"
EndProject
Global
	GlobalSection(SolutionConfigurationPlatforms) = preSolution
		Debug|Any CPU = Debug|Any CPU
		Release|Any CPU = Release|Any CPU
	EndGlobalSection
	GlobalSection(ProjectConfigurationPlatforms) = postSolution
		{267A5D05-189B-453B-9D39-8E98C5CA77E8}.Debug|Any CPU.ActiveCfg = Debug|Any CPU
		{267A5D05-189B-453B-9D39-8E98C5CA77E8}.Debug|Any CPU.Build.0 = Debug|Any CPU
		{267A5D05-189B-453B-9D39-8E98C5CA77E8}.Release|Any CPU.ActiveCfg = Release|Any CPU
		{267A5D05-189B-453B-9D39-8E98C5CA77E8}.Release|Any CPU.Build.0 = Release|Any CPU
	EndGlobalSection
	GlobalSection(SolutionProperties) = preSolution
		HideSolutionNode = FALSE
	EndGlobalSection
	GlobalSection(ExtensibilityGlobals) = postSolution
		SolutionGuid = {98D2E197-6086-45EB-BEAD-CB250D7ED564}
	EndGlobalSection
EndGlobal
